# This file is automatically @generated by Cargo.
# It is not intended for manual editing.
version = 3

[[package]]
name = "super_auto_clone"
version = "0.1.0"
dependencies = [
 "text_io",
 "unicode-width",
]

[[package]]
name = "text_io"
version = "0.1.9"
source = "registry+https://github.com/rust-lang/crates.io-index"
checksum = "ee74b5019b48991b09803402aaf9e65a053b3993fe9d9c475ab67a395358ba76"

[[package]]
name = "unicode-width"
version = "0.1.10"
source = "registry+https://github.com/rust-lang/crates.io-index"
checksum = "c0edd1e5b14653f783770bce4a4dabb4a5108a5370a5f5d8cfe8710c361f6c8b"
